
Microsoft Visual Studio Solution File, Format Version 12.00
# Visual Studio 14
VisualStudioVersion = 14.0.25420.1
MinimumVisualStudioVersion = 10.0.40219.1
Project("{FAE04EC0-301F-11D3-BF4B-00C04F79EFBC}") = "WindowsFormsApp1", "WindowsFormsApp1\WindowsFormsApp1.csproj", "{3F0B15AA-746A-4877-A2BB-D6F8E02FC537}"
EndProject
Global
	GlobalSection(SolutionConfigurationPlatforms) = preSolution
		Debug|Any CPU = Debug|Any CPU
		Debug|x86 = Debug|x86
		Release|Any CPU = Release|Any CPU
		Release|x86 = Release|x86
	EndGlobalSection
	GlobalSection(ProjectConfigurationPlatforms) = postSolution
		{3F0B15AA-746A-4877-A2BB-D6F8E02FC537}.Debug|Any CPU.ActiveCfg = Debug|Any CPU
		{3F0B15AA-746A-4877-A2BB-D6F8E02FC537}.Debug|Any CPU.Build.0 = Debug|Any CPU
		{3F0B15AA-746A-4877-A2BB-D6F8E02FC537}.Debug|x86.ActiveCfg = Debug|x86
		{3F0B15AA-746A-4877-A2BB-D6F8E02FC537}.Debug|x86.Build.0 = Debug|x86
		{3F0B15AA-746A-4877-A2BB-D6F8E02FC537}.Release|Any CPU.ActiveCfg = Release|Any CPU
		{3F0B15AA-746A-4877-A2BB-D6F8E02FC537}.Release|Any CPU.Build.0 = Release|Any CPU
		{3F0B15AA-746A-4877-A2BB-D6F8E02FC537}.Release|x86.ActiveCfg = Release|x86
		{3F0B15AA-746A-4877-A2BB-D6F8E02FC537}.Release|x86.Build.0 = Release|x86
	EndGlobalSection
	GlobalSection(SolutionProperties) = preSolution
		HideSolutionNode = FALSE
	EndGlobalSection
EndGlobal
